
Microsoft Visual Studio Solution File, Format Version 12.00
# Visual Studio Version 17
VisualStudioVersion = 17.14.36414.22 d17.14
MinimumVisualStudioVersion = 10.0.40219.1
Project("{FAE04EC0-301F-11D3-BF4B-00C04F79EFBC}") = "Flip Temp", "Flip Temp\Flip Temp.csproj", "{E6F19167-151D-4C00-9AD0-1017E32797CB}"
EndProject
Global
	GlobalSection(SolutionConfigurationPlatforms) = preSolution
		Debug|Any CPU = Debug|Any CPU
		Release|Any CPU = Release|Any CPU
	EndGlobalSection
	GlobalSection(ProjectConfigurationPlatforms) = postSolution
		{E6F19167-151D-4C00-9AD0-1017E32797CB}.Debug|Any CPU.ActiveCfg = Debug|Any CPU
		{E6F19167-151D-4C00-9AD0-1017E32797CB}.Debug|Any CPU.Build.0 = Debug|Any CPU
		{E6F19167-151D-4C00-9AD0-1017E32797CB}.Release|Any CPU.ActiveCfg = Release|Any CPU
		{E6F19167-151D-4C00-9AD0-1017E32797CB}.Release|Any CPU.Build.0 = Release|Any CPU
	EndGlobalSection
	GlobalSection(SolutionProperties) = preSolution
		HideSolutionNode = FALSE
	EndGlobalSection
	GlobalSection(ExtensibilityGlobals) = postSolution
		SolutionGuid = {4239A115-7F1F-4526-81FB-40105A27BA63}
	EndGlobalSection
EndGlobal
